// !$*UTF8*$!
{
	archiveVersion = 1;
	classes = {
	};
	objectVersion = 46;
	objects = {

/* Begin PBXBuildFile section */
		53E6AEF81F25DFFE00AC22D2 /* AppleScriptObjC.framework in Frameworks */ = {isa = PBXBuildFile; fileRef = 53E6AEF71F25DFFE00AC22D2 /* AppleScriptObjC.framework */; };
		53E6AEFD1F25DFFE00AC22D2 /* main.m in Sources */ = {isa = PBXBuildFile; fileRef = 53E6AEFC1F25DFFE00AC22D2 /* main.m */; };
		53E6AEFF1F25DFFE00AC22D2 /* AppDelegate.applescript in Sources */ = {isa = PBXBuildFile; fileRef = 53E6AEFE1F25DFFE00AC22D2 /* AppDelegate.applescript */; };
		53E6AF011F25DFFE00AC22D2 /* Images.xcassets in Resources */ = {isa = PBXBuildFile; fileRef = 53E6AF001F25DFFE00AC22D2 /* Images.xcassets */; };
		53E6AF041F25DFFE00AC22D2 /* MainMenu.xib in Resources */ = {isa = PBXBuildFile; fileRef = 53E6AF021F25DFFE00AC22D2 /* MainMenu.xib */; };
/* End PBXBuildFile section */

/* Begin PBXFileReference section */
		53E6AEF41F25DFFE00AC22D2 /* Ageth.app */ = {isa = PBXFileReference; explicitFileType = wrapper.application; includeInIndex = 0; path = Ageth.app; sourceTree = BUILT_PRODUCTS_DIR; };
		53E6AEF71F25DFFE00AC22D2 /* AppleScriptObjC.framework */ = {isa = PBXFileReference; lastKnownFileType = wrapper.framework; name = AppleScriptObjC.framework; path = System/Library/Frameworks/AppleScriptObjC.framework; sourceTree = SDKROOT; };
		53E6AEFB1F25DFFE00AC22D2 /* Info.plist */ = {isa = PBXFileReference; lastKnownFileType = text.plist.xml; path = Info.plist; sourceTree = "<group>"; };
		53E6AEFC1F25DFFE00AC22D2 /* main.m */ = {isa = PBXFileReference; lastKnownFileType = sourcecode.c.objc; path = main.m; sourceTree = "<group>"; };
		53E6AEFE1F25DFFE00AC22D2 /* AppDelegate.applescript */ = {isa = PBXFileReference; lastKnownFileType = sourcecode.applescript; path = AppDelegate.applescript; sourceTree = "<group>"; };
		53E6AF001F25DFFE00AC22D2 /* Images.xcassets */ = {isa = PBXFileReference; lastKnownFileType = folder.assetcatalog; path = Images.xcassets; sourceTree = "<group>"; };
		53E6AF031F25DFFE00AC22D2 /* Base */ = {isa = PBXFileReference; lastKnownFileType = file.xib; name = Base; path = Base.lproj/MainMenu.xib; sourceTree = "<group>"; };
/* End PBXFileReference section */

/* Begin PBXFrameworksBuildPhase section */
		53E6AEF11F25DFFE00AC22D2 /* Frameworks */ = {
			isa = PBXFrameworksBuildPhase;
			buildActionMask = 2147483647;
			files = (
				53E6AEF81F25DFFE00AC22D2 /* AppleScriptObjC.framework in Frameworks */,
			);
			runOnlyForDeploymentPostprocessing = 0;
		};
/* End PBXFrameworksBuildPhase section */

/* Begin PBXGroup section */
		53E6AEEB1F25DFFE00AC22D2 = {
			isa = PBXGroup;
			children = (
				53E6AEF91F25DFFE00AC22D2 /* Ageth */,
				53E6AEF61F25DFFE00AC22D2 /* Frameworks */,
				53E6AEF51F25DFFE00AC22D2 /* Products */,
			);
			sourceTree = "<group>";
		};
		53E6AEF51F25DFFE00AC22D2 /* Products */ = {
			isa = PBXGroup;
			children = (
				53E6AEF41F25DFFE00AC22D2 /* Ageth.app */,
			);
			name = Products;
			sourceTree = "<group>";
		};
		53E6AEF61F25DFFE00AC22D2 /* Frameworks */ = {
			isa = PBXGroup;
			children = (
				53E6AEF71F25DFFE00AC22D2 /* AppleScriptObjC.framework */,
			);
			name = Frameworks;
			sourceTree = "<group>";
		};
		53E6AEF91F25DFFE00AC22D2 /* Ageth */ = {
			isa = PBXGroup;
			children = (
				53E6AEFE1F25DFFE00AC22D2 /* AppDelegate.applescript */,
				53E6AF001F25DFFE00AC22D2 /* Images.xcassets */,
				53E6AF021F25DFFE00AC22D2 /* MainMenu.xib */,
				53E6AEFA1F25DFFE00AC22D2 /* Supporting Files */,
			);
			path = Ageth;
			sourceTree = "<group>";
		};
		53E6AEFA1F25DFFE00AC22D2 /* Supporting Files */ = {
			isa = PBXGroup;
			children = (
				53E6AEFB1F25DFFE00AC22D2 /* Info.plist */,
				53E6AEFC1F25DFFE00AC22D2 /* main.m */,
			);
			name = "Supporting Files";
			sourceTree = "<group>";
		};
/* End PBXGroup section */

/* Begin PBXNativeTarget section */
		53E6AEF31F25DFFE00AC22D2 /* Ageth */ = {
			isa = PBXNativeTarget;
			buildConfigurationList = 53E6AF071F25DFFE00AC22D2 /* Build configuration list for PBXNativeTarget "Ageth" */;
			buildPhases = (
				53E6AEF01F25DFFE00AC22D2 /* Sources */,
				53E6AEF11F25DFFE00AC22D2 /* Frameworks */,
				53E6AEF21F25DFFE00AC22D2 /* Resources */,
			);
			buildRules = (
			);
			dependencies = (
			);
			name = Ageth;
			productName = Ageth;
			productReference = 53E6AEF41F25DFFE00AC22D2 /* Ageth.app */;
			productType = "com.apple.product-type.application";
		};
/* End PBXNativeTarget section */

/* Begin PBXProject section */
		53E6AEEC1F25DFFE00AC22D2 /* Project object */ = {
			isa = PBXProject;
			attributes = {
				LastUpgradeCheck = 0620;
				ORGANIZATIONNAME = "OK Tech";
				TargetAttributes = {
					53E6AEF31F25DFFE00AC22D2 = {
						CreatedOnToolsVersion = 6.2;
					};
				};
			};
			buildConfigurationList = 53E6AEEF1F25DFFE00AC22D2 /* Build configuration list for PBXProject "Ageth" */;
			compatibilityVersion = "Xcode 3.2";
			developmentRegion = English;
			hasScannedForEncodings = 0;
			knownRegions = (
				en,
				Base,
			);
			mainGroup = 53E6AEEB1F25DFFE00AC22D2;
			productRefGroup = 53E6AEF51F25DFFE00AC22D2 /* Products */;
			projectDirPath = "";
			projectRoot = "";
			targets = (
				53E6AEF31F25DFFE00AC22D2 /* Ageth */,
			);
		};
/* End PBXProject section */

/* Begin PBXResourcesBuildPhase section */
		53E6AEF21F25DFFE00AC22D2 /* Resources */ = {
			isa = PBXResourcesBuildPhase;
			buildActionMask = 2147483647;
			files = (
				53E6AF011F25DFFE00AC22D2 /* Images.xcassets in Resources */,
				53E6AF041F25DFFE00AC22D2 /* MainMenu.xib in Resources */,
			);
			runOnlyForDeploymentPostprocessing = 0;
		};
/* End PBXResourcesBuildPhase section */

/* Begin PBXSourcesBuildPhase section */
		53E6AEF01F25DFFE00AC22D2 /* Sources */ = {
			isa = PBXSourcesBuildPhase;
			buildActionMask = 2147483647;
			files = (
				53E6AEFF1F25DFFE00AC22D2 /* AppDelegate.applescript in Sources */,
				53E6AEFD1F25DFFE00AC22D2 /* main.m in Sources */,
			);
			runOnlyForDeploymentPostprocessing = 0;
		};
/* End PBXSourcesBuildPhase section */

/* Begin PBXVariantGroup section */
		53E6AF021F25DFFE00AC22D2 /* MainMenu.xib */ = {
			isa = PBXVariantGroup;
			children = (
				53E6AF031F25DFFE00AC22D2 /* Base */,
			);
			name = MainMenu.xib;
			sourceTree = "<group>";
		};
/* End PBXVariantGroup section */

/* Begin XCBuildConfiguration section */
		53E6AF051F25DFFE00AC22D2 /* Debug */ = {
			isa = XCBuildConfiguration;
			buildSettings = {
				ALWAYS_SEARCH_USER_PATHS = NO;
				CLANG_CXX_LANGUAGE_STANDARD = "gnu++0x";
				CLANG_CXX_LIBRARY = "libc++";
				CLANG_ENABLE_MODULES = YES;
				CLANG_ENABLE_OBJC_ARC = YES;
				CLANG_WARN_BOOL_CONVERSION = YES;
				CLANG_WARN_CONSTANT_CONVERSION = YES;
				CLANG_WARN_DIRECT_OBJC_ISA_USAGE = YES_ERROR;
				CLANG_WARN_EMPTY_BODY = YES;
				CLANG_WARN_ENUM_CONVERSION = YES;
				CLANG_WARN_INT_CONVERSION = YES;
				CLANG_WARN_OBJC_ROOT_CLASS = YES_ERROR;
				CLANG_WARN_UNREACHABLE_CODE = YES;
				CLANG_WARN__DUPLICATE_METHOD_MATCH = YES;
				CODE_SIGN_IDENTITY = "-";
				COPY_PHASE_STRIP = NO;
				ENABLE_STRICT_OBJC_MSGSEND = YES;
				GCC_C_LANGUAGE_STANDARD = gnu99;
				GCC_DYNAMIC_NO_PIC = NO;
				GCC_OPTIMIZATION_LEVEL = 0;
				GCC_PREPROCESSOR_DEFINITIONS = (
					"DEBUG=1",
					"$(inherited)",
				);
				GCC_SYMBOLS_PRIVATE_EXTERN = NO;
				GCC_WARN_64_TO_32_BIT_CONVERSION = YES;
				GCC_WARN_ABOUT_RETURN_TYPE = YES_ERROR;
				GCC_WARN_UNDECLARED_SELECTOR = YES;
				GCC_WARN_UNINITIALIZED_AUTOS = YES_AGGRESSIVE;
				GCC_WARN_UNUSED_FUNCTION = YES;
				GCC_WARN_UNUSED_VARIABLE = YES;
				MACOSX_DEPLOYMENT_TARGET = 10.9;
				MTL_ENABLE_DEBUG_INFO = YES;
				ONLY_ACTIVE_ARCH = YES;
				SDKROOT = macosx;
			};
			name = Debug;
		};
		53E6AF061F25DFFE00AC22D2 /* Release */ = {
			isa = XCBuildConfiguration;
			buildSettings = {
				ALWAYS_SEARCH_USER_PATHS = NO;
				CLANG_CXX_LANGUAGE_STANDARD = "gnu++0x";
				CLANG_CXX_LIBRARY = "libc++";
				CLANG_ENABLE_MODULES = YES;
				CLANG_ENABLE_OBJC_ARC = YES;
				CLANG_WARN_BOOL_CONVERSION = YES;
				CLANG_WARN_CONSTANT_CONVERSION = YES;
				CLANG_WARN_DIRECT_OBJC_ISA_USAGE = YES_ERROR;
				CLANG_WARN_EMPTY_BODY = YES;
				CLANG_WARN_ENUM_CONVERSION = YES;
				CLANG_WARN_INT_CONVERSION = YES;
				CLANG_WARN_OBJC_ROOT_CLASS = YES_ERROR;
				CLANG_WARN_UNREACHABLE_CODE = YES;
				CLANG_WARN__DUPLICATE_METHOD_MATCH = YES;
				CODE_SIGN_IDENTITY = "-";
				COPY_PHASE_STRIP = NO;
				DEBUG_INFORMATION_FORMAT = "dwarf-with-dsym";
				ENABLE_NS_ASSERTIONS = NO;
				ENABLE_STRICT_OBJC_MSGSEND = YES;
				GCC_C_LANGUAGE_STANDARD = gnu99;
				GCC_WARN_64_TO_32_BIT_CONVERSION = YES;
				GCC_WARN_ABOUT_RETURN_TYPE = YES_ERROR;
				GCC_WARN_UNDECLARED_SELECTOR = YES;
				GCC_WARN_UNINITIALIZED_AUTOS = YES_AGGRESSIVE;
				GCC_WARN_UNUSED_FUNCTION = YES;
				GCC_WARN_UNUSED_VARIABLE = YES;
				MACOSX_DEPLOYMENT_TARGET = 10.9;
				MTL_ENABLE_DEBUG_INFO = NO;
				SDKROOT = macosx;
			};
			name = Release;
		};
		53E6AF081F25DFFE00AC22D2 /* Debug */ = {
			isa = XCBuildConfiguration;
			buildSettings = {
				ASSETCATALOG_COMPILER_APPICON_NAME = AppIcon;
				COMBINE_HIDPI_IMAGES = YES;
				INFOPLIST_FILE = Ageth/Info.plist;
				LD_RUNPATH_SEARCH_PATHS = "$(inherited) @executable_path/../Frameworks";
				PRODUCT_NAME = "$(TARGET_NAME)";
			};
			name = Debug;
		};
		53E6AF091F25DFFE00AC22D2 /* Release */ = {
			isa = XCBuildConfiguration;
			buildSettings = {
				ASSETCATALOG_COMPILER_APPICON_NAME = AppIcon;
				COMBINE_HIDPI_IMAGES = YES;
				INFOPLIST_FILE = Ageth/Info.plist;
				LD_RUNPATH_SEARCH_PATHS = "$(inherited) @executable_path/../Frameworks";
				PRODUCT_NAME = "$(TARGET_NAME)";
			};
			name = Release;
		};
/* End XCBuildConfiguration section */

/* Begin XCConfigurationList section */
		53E6AEEF1F25DFFE00AC22D2 /* Build configuration list for PBXProject "Ageth" */ = {
			isa = XCConfigurationList;
			buildConfigurations = (
				53E6AF051F25DFFE00AC22D2 /* Debug */,
				53E6AF061F25DFFE00AC22D2 /* Release */,
			);
			defaultConfigurationIsVisible = 0;
			defaultConfigurationName = Release;
		};
		53E6AF071F25DFFE00AC22D2 /* Build configuration list for PBXNativeTarget "Ageth" */ = {
			isa = XCConfigurationList;
			buildConfigurations = (
				53E6AF081F25DFFE00AC22D2 /* Debug */,
				53E6AF091F25DFFE00AC22D2 /* Release */,
			);
			defaultConfigurationIsVisible = 0;
			defaultConfigurationName = Release;
		};
/* End XCConfigurationList section */
	};
	rootObject = 53E6AEEC1F25DFFE00AC22D2 /* Project object */;
}
